
Microsoft Visual Studio Solution File, Format Version 12.00
# Visual Studio Version 16
VisualStudioVersion = 16.0.30225.117
MinimumVisualStudioVersion = 10.0.40219.1
Project("{888888A0-9F3D-457C-B088-3A5042F75D52}") = "PywinautoIntegration", "PywinautoIntegration.pyproj", "{2F024525-6CC3-447B-A846-F4CA9DC80874}"
EndProject
Global
	GlobalSection(SolutionConfigurationPlatforms) = preSolution
		Debug|Any CPU = Debug|Any CPU
		Release|Any CPU = Release|Any CPU
	EndGlobalSection
	GlobalSection(ProjectConfigurationPlatforms) = postSolution
		{2F024525-6CC3-447B-A846-F4CA9DC80874}.Debug|Any CPU.ActiveCfg = Debug|Any CPU
		{2F024525-6CC3-447B-A846-F4CA9DC80874}.Release|Any CPU.ActiveCfg = Release|Any CPU
	EndGlobalSection
	GlobalSection(SolutionProperties) = preSolution
		HideSolutionNode = FALSE
	EndGlobalSection
	GlobalSection(ExtensibilityGlobals) = postSolution
		SolutionGuid = {E04D3DD2-CADA-451D-853A-840B8F7D6F88}
	EndGlobalSection
EndGlobal
